{
    "_readme": [
        "This file locks the dependencies of your project to a known state",
        "Read more about it at https://getcomposer.org/doc/01-basic-usage.md#composer-lock-the-lock-file",
        "This file is @generated automatically"
    ],
    "content-hash": "d92dafa3fcc533836b85ae9a81201c93",
    "packages": [
        {
            "name": "art4/json-api-client",
            "version": "0.9.1",
            "source": {
                "type": "git",
                "url": "https://github.com/Art4/json-api-client.git",
                "reference": "b39aea2567048081c753d2cbc25e509f541248c9"
            },
            "dist": {
                "type": "zip",
                "url": "https://api.github.com/repos/Art4/json-api-client/zipball/b39aea2567048081c753d2cbc25e509f541248c9",
                "reference": "b39aea2567048081c753d2cbc25e509f541248c9",
                "shasum": ""
            },
            "require": {
                "php": "^5.5 || ^7.0"
            },
            "require-dev": {
                "phpunit/phpunit": "^4.8.35 || ^5.4.3 || ^6.0"
            },
            "type": "library",
            "autoload": {
                "psr-4": {
                    "Art4\\JsonApiClient\\": "src"
                }
            },
            "notification-url": "https://packagist.org/downloads/",
            "license": [
                "GPL3"
            ],
            "authors": [
                {
                    "name": "Artur Weigandt",
                    "email": "art4@wlabs.de",
                    "homepage": "https://wlabs.de"
                }
            ],
            "description": "JSON API client",
            "homepage": "https://github.com/Art4/json-api-client",
            "keywords": [
                "JSON-API",
                "api",
                "client",
                "json",
                "parser",
                "reader",
                "validator"
            ],
            "time": "2017-12-21T11:44:10+00:00"
        },
        {
            "name": "json-api-php/json-api",
            "version": "2.0.0",
            "source": {
                "type": "git",
                "url": "https://github.com/json-api-php/json-api.git",
                "reference": "9fa670bdc7194e101af13216e7c4e958d7f82e34"
            },
            "dist": {
                "type": "zip",
                "url": "https://api.github.com/repos/json-api-php/json-api/zipball/9fa670bdc7194e101af13216e7c4e958d7f82e34",
                "reference": "9fa670bdc7194e101af13216e7c4e958d7f82e34",
                "shasum": ""
            },
            "require": {
                "php": ">=7.2"
            },
            "require-dev": {
                "friendsofphp/php-cs-fixer": "^2.2",
                "phpunit/phpunit": "^7.0"
            },
            "type": "library",
            "autoload": {
                "psr-4": {
                    "JsonApiPhp\\JsonApi\\": "src/"
                },
                "files": [
                    "src/functions.php"
                ]
            },
            "notification-url": "https://packagist.org/downloads/",
            "license": [
                "MIT"
            ],
            "authors": [
                {
                    "name": "Alexey Karapetov",
                    "email": "karapetov@gmail.com"
                }
            ],
            "description": "An attempt to express JSON API specs (jsonapi.org) in object-oriented way as a set of PHP 7 classes",
            "time": "2018-03-03T08:15:46+00:00"
        },
        {
            "name": "tobscure/json-api",
            "version": "v0.4.1",
            "source": {
                "type": "git",
                "url": "https://github.com/tobscure/json-api.git",
                "reference": "d4ba8437977c33a5189d95d9ffa751997f13b104"
            },
            "dist": {
                "type": "zip",
                "url": "https://api.github.com/repos/tobscure/json-api/zipball/d4ba8437977c33a5189d95d9ffa751997f13b104",
                "reference": "d4ba8437977c33a5189d95d9ffa751997f13b104",
                "shasum": ""
            },
            "require": {
                "php": "^5.5.9 || ^7.0"
            },
            "require-dev": {
                "phpunit/phpunit": "^4.8 || ^5.0"
            },
            "type": "library",
            "extra": {
                "branch-alias": {
                    "dev-master": "1.0-dev"
                }
            },
            "autoload": {
                "psr-4": {
                    "Tobscure\\JsonApi\\": "src/"
                }
            },
            "notification-url": "https://packagist.org/downloads/",
            "license": [
                "MIT"
            ],
            "authors": [
                {
                    "name": "Toby Zerner",
                    "email": "toby.zerner@gmail.com"
                }
            ],
            "description": "JSON-API responses in PHP",
            "keywords": [
                "api",
                "json",
                "jsonapi",
                "standard"
            ],
            "time": "2017-03-05T21:16:24+00:00"
        }
    ],
    "packages-dev": [],
    "aliases": [],
    "minimum-stability": "stable",
    "stability-flags": [],
    "prefer-stable": false,
    "prefer-lowest": false,
    "platform": {
        "php": ">=7.2"
    },
    "platform-dev": []
}
